
Microsoft Visual Studio Solution File, Format Version 12.00
# Visual Studio Version 17
VisualStudioVersion = 17.7.34009.444
MinimumVisualStudioVersion = 10.0.40219.1
Project("{9A19103F-16F7-4668-BE54-9A1E7A4F7556}") = "NLayer.Core", "NLayer.Core\NLayer.Core.csproj", "{E6CD6668-2AD4-4ECA-98CB-CC6A50FBAC8B}"
EndProject
Project("{9A19103F-16F7-4668-BE54-9A1E7A4F7556}") = "NLayer.Repository", "NLayer.Repository\NLayer.Repository.csproj", "{3D9C0327-20E2-4CCD-A195-A2D1894F0BE5}"
EndProject
Project("{9A19103F-16F7-4668-BE54-9A1E7A4F7556}") = "NLayer.Service", "NLayer.Service\NLayer.Service.csproj", "{032F8EBF-F232-4637-9A77-305B5B230B69}"
EndProject
Project("{9A19103F-16F7-4668-BE54-9A1E7A4F7556}") = "NLayer.API", "NLayer.API\NLayer.API.csproj", "{5FB7388A-2EA3-47A8-AB5D-EEA3BDF6AE79}"
EndProject
Project("{9A19103F-16F7-4668-BE54-9A1E7A4F7556}") = "NLayer.Caching", "NLayer.Caching\NLayer.Caching.csproj", "{426BE872-3985-4CDB-8C9E-85963E8B1762}"
EndProject
Global
	GlobalSection(SolutionConfigurationPlatforms) = preSolution
		Debug|Any CPU = Debug|Any CPU
		Release|Any CPU = Release|Any CPU
	EndGlobalSection
	GlobalSection(ProjectConfigurationPlatforms) = postSolution
		{E6CD6668-2AD4-4ECA-98CB-CC6A50FBAC8B}.Debug|Any CPU.ActiveCfg = Debug|Any CPU
		{E6CD6668-2AD4-4ECA-98CB-CC6A50FBAC8B}.Debug|Any CPU.Build.0 = Debug|Any CPU
		{E6CD6668-2AD4-4ECA-98CB-CC6A50FBAC8B}.Release|Any CPU.ActiveCfg = Release|Any CPU
		{E6CD6668-2AD4-4ECA-98CB-CC6A50FBAC8B}.Release|Any CPU.Build.0 = Release|Any CPU
		{3D9C0327-20E2-4CCD-A195-A2D1894F0BE5}.Debug|Any CPU.ActiveCfg = Debug|Any CPU
		{3D9C0327-20E2-4CCD-A195-A2D1894F0BE5}.Debug|Any CPU.Build.0 = Debug|Any CPU
		{3D9C0327-20E2-4CCD-A195-A2D1894F0BE5}.Release|Any CPU.ActiveCfg = Release|Any CPU
		{3D9C0327-20E2-4CCD-A195-A2D1894F0BE5}.Release|Any CPU.Build.0 = Release|Any CPU
		{032F8EBF-F232-4637-9A77-305B5B230B69}.Debug|Any CPU.ActiveCfg = Debug|Any CPU
		{032F8EBF-F232-4637-9A77-305B5B230B69}.Debug|Any CPU.Build.0 = Debug|Any CPU
		{032F8EBF-F232-4637-9A77-305B5B230B69}.Release|Any CPU.ActiveCfg = Release|Any CPU
		{032F8EBF-F232-4637-9A77-305B5B230B69}.Release|Any CPU.Build.0 = Release|Any CPU
		{5FB7388A-2EA3-47A8-AB5D-EEA3BDF6AE79}.Debug|Any CPU.ActiveCfg = Debug|Any CPU
		{5FB7388A-2EA3-47A8-AB5D-EEA3BDF6AE79}.Debug|Any CPU.Build.0 = Debug|Any CPU
		{5FB7388A-2EA3-47A8-AB5D-EEA3BDF6AE79}.Release|Any CPU.ActiveCfg = Release|Any CPU
		{5FB7388A-2EA3-47A8-AB5D-EEA3BDF6AE79}.Release|Any CPU.Build.0 = Release|Any CPU
		{426BE872-3985-4CDB-8C9E-85963E8B1762}.Debug|Any CPU.ActiveCfg = Debug|Any CPU
		{426BE872-3985-4CDB-8C9E-85963E8B1762}.Debug|Any CPU.Build.0 = Debug|Any CPU
		{426BE872-3985-4CDB-8C9E-85963E8B1762}.Release|Any CPU.ActiveCfg = Release|Any CPU
		{426BE872-3985-4CDB-8C9E-85963E8B1762}.Release|Any CPU.Build.0 = Release|Any CPU
	EndGlobalSection
	GlobalSection(SolutionProperties) = preSolution
		HideSolutionNode = FALSE
	EndGlobalSection
	GlobalSection(ExtensibilityGlobals) = postSolution
		SolutionGuid = {A01CB2F0-F4F2-461E-A7CF-9DF1569C92B0}
	EndGlobalSection
EndGlobal
